// !$*UTF8*$!
{
	archiveVersion = 1;
	classes = {
	};
	objectVersion = 55;
	objects = {

/* Begin PBXBuildFile section */
		6122B08C28769F8900050309 /* AppDelegate.swift in Sources */ = {isa = PBXBuildFile; fileRef = 6122B08B28769F8900050309 /* AppDelegate.swift */; };
		6122B08E28769F8900050309 /* SceneDelegate.swift in Sources */ = {isa = PBXBuildFile; fileRef = 6122B08D28769F8900050309 /* SceneDelegate.swift */; };
		6122B09028769F8900050309 /* ViewController.swift in Sources */ = {isa = PBXBuildFile; fileRef = 6122B08F28769F8900050309 /* ViewController.swift */; };
		6122B09328769F8900050309 /* Main.storyboard in Resources */ = {isa = PBXBuildFile; fileRef = 6122B09128769F8900050309 /* Main.storyboard */; };
		6122B09528769F8900050309 /* Assets.xcassets in Resources */ = {isa = PBXBuildFile; fileRef = 6122B09428769F8900050309 /* Assets.xcassets */; };
		6122B09828769F8900050309 /* LaunchScreen.storyboard in Resources */ = {isa = PBXBuildFile; fileRef = 6122B09628769F8900050309 /* LaunchScreen.storyboard */; };
		6122B0A628769FB700050309 /* 04.png in Resources */ = {isa = PBXBuildFile; fileRef = 6122B0A028769FB700050309 /* 04.png */; };
		6122B0A728769FB700050309 /* 05.png in Resources */ = {isa = PBXBuildFile; fileRef = 6122B0A128769FB700050309 /* 05.png */; };
		6122B0A828769FB700050309 /* 06.png in Resources */ = {isa = PBXBuildFile; fileRef = 6122B0A228769FB700050309 /* 06.png */; };
		6122B0A928769FB700050309 /* 01.png in Resources */ = {isa = PBXBuildFile; fileRef = 6122B0A328769FB700050309 /* 01.png */; };
		6122B0AA28769FB700050309 /* 03.png in Resources */ = {isa = PBXBuildFile; fileRef = 6122B0A428769FB700050309 /* 03.png */; };
		6122B0AB28769FB700050309 /* 02.png in Resources */ = {isa = PBXBuildFile; fileRef = 6122B0A528769FB700050309 /* 02.png */; };
		6122B0AF2876A50B00050309 /* cat3.jpg in Resources */ = {isa = PBXBuildFile; fileRef = 6122B0AC2876A50B00050309 /* cat3.jpg */; };
		6122B0B02876A50B00050309 /* cat1.jpg in Resources */ = {isa = PBXBuildFile; fileRef = 6122B0AD2876A50B00050309 /* cat1.jpg */; };
		6122B0B12876A50B00050309 /* cat2.jpg in Resources */ = {isa = PBXBuildFile; fileRef = 6122B0AE2876A50B00050309 /* cat2.jpg */; };
/* End PBXBuildFile section */

/* Begin PBXFileReference section */
		6122B08828769F8900050309 /* PinchSwipe.app */ = {isa = PBXFileReference; explicitFileType = wrapper.application; includeInIndex = 0; path = PinchSwipe.app; sourceTree = BUILT_PRODUCTS_DIR; };
		6122B08B28769F8900050309 /* AppDelegate.swift */ = {isa = PBXFileReference; lastKnownFileType = sourcecode.swift; path = AppDelegate.swift; sourceTree = "<group>"; };
		6122B08D28769F8900050309 /* SceneDelegate.swift */ = {isa = PBXFileReference; lastKnownFileType = sourcecode.swift; path = SceneDelegate.swift; sourceTree = "<group>"; };
		6122B08F28769F8900050309 /* ViewController.swift */ = {isa = PBXFileReference; lastKnownFileType = sourcecode.swift; path = ViewController.swift; sourceTree = "<group>"; };
		6122B09228769F8900050309 /* Base */ = {isa = PBXFileReference; lastKnownFileType = file.storyboard; name = Base; path = Base.lproj/Main.storyboard; sourceTree = "<group>"; };
		6122B09428769F8900050309 /* Assets.xcassets */ = {isa = PBXFileReference; lastKnownFileType = folder.assetcatalog; path = Assets.xcassets; sourceTree = "<group>"; };
		6122B09728769F8900050309 /* Base */ = {isa = PBXFileReference; lastKnownFileType = file.storyboard; name = Base; path = Base.lproj/LaunchScreen.storyboard; sourceTree = "<group>"; };
		6122B09928769F8900050309 /* Info.plist */ = {isa = PBXFileReference; lastKnownFileType = text.plist.xml; path = Info.plist; sourceTree = "<group>"; };
		6122B0A028769FB700050309 /* 04.png */ = {isa = PBXFileReference; lastKnownFileType = image.png; path = 04.png; sourceTree = "<group>"; };
		6122B0A128769FB700050309 /* 05.png */ = {isa = PBXFileReference; lastKnownFileType = image.png; path = 05.png; sourceTree = "<group>"; };
		6122B0A228769FB700050309 /* 06.png */ = {isa = PBXFileReference; lastKnownFileType = image.png; path = 06.png; sourceTree = "<group>"; };
		6122B0A328769FB700050309 /* 01.png */ = {isa = PBXFileReference; lastKnownFileType = image.png; path = 01.png; sourceTree = "<group>"; };
		6122B0A428769FB700050309 /* 03.png */ = {isa = PBXFileReference; lastKnownFileType = image.png; path = 03.png; sourceTree = "<group>"; };
		6122B0A528769FB700050309 /* 02.png */ = {isa = PBXFileReference; lastKnownFileType = image.png; path = 02.png; sourceTree = "<group>"; };
		6122B0AC2876A50B00050309 /* cat3.jpg */ = {isa = PBXFileReference; lastKnownFileType = image.jpeg; path = cat3.jpg; sourceTree = "<group>"; };
		6122B0AD2876A50B00050309 /* cat1.jpg */ = {isa = PBXFileReference; lastKnownFileType = image.jpeg; path = cat1.jpg; sourceTree = "<group>"; };
		6122B0AE2876A50B00050309 /* cat2.jpg */ = {isa = PBXFileReference; lastKnownFileType = image.jpeg; path = cat2.jpg; sourceTree = "<group>"; };
/* End PBXFileReference section */

/* Begin PBXFrameworksBuildPhase section */
		6122B08528769F8900050309 /* Frameworks */ = {
			isa = PBXFrameworksBuildPhase;
			buildActionMask = 2147483647;
			files = (
			);
			runOnlyForDeploymentPostprocessing = 0;
		};
/* End PBXFrameworksBuildPhase section */

/* Begin PBXGroup section */
		6122B07F28769F8900050309 = {
			isa = PBXGroup;
			children = (
				6122B08A28769F8900050309 /* PinchSwipe */,
				6122B08928769F8900050309 /* Products */,
			);
			sourceTree = "<group>";
		};
		6122B08928769F8900050309 /* Products */ = {
			isa = PBXGroup;
			children = (
				6122B08828769F8900050309 /* PinchSwipe.app */,
			);
			name = Products;
			sourceTree = "<group>";
		};
		6122B08A28769F8900050309 /* PinchSwipe */ = {
			isa = PBXGroup;
			children = (
				6122B09F28769FAC00050309 /* images */,
				6122B08B28769F8900050309 /* AppDelegate.swift */,
				6122B08D28769F8900050309 /* SceneDelegate.swift */,
				6122B08F28769F8900050309 /* ViewController.swift */,
				6122B09128769F8900050309 /* Main.storyboard */,
				6122B09428769F8900050309 /* Assets.xcassets */,
				6122B09628769F8900050309 /* LaunchScreen.storyboard */,
				6122B09928769F8900050309 /* Info.plist */,
			);
			path = PinchSwipe;
			sourceTree = "<group>";
		};
		6122B09F28769FAC00050309 /* images */ = {
			isa = PBXGroup;
			children = (
				6122B0AD2876A50B00050309 /* cat1.jpg */,
				6122B0AE2876A50B00050309 /* cat2.jpg */,
				6122B0AC2876A50B00050309 /* cat3.jpg */,
				6122B0A328769FB700050309 /* 01.png */,
				6122B0A528769FB700050309 /* 02.png */,
				6122B0A428769FB700050309 /* 03.png */,
				6122B0A028769FB700050309 /* 04.png */,
				6122B0A128769FB700050309 /* 05.png */,
				6122B0A228769FB700050309 /* 06.png */,
			);
			path = images;
			sourceTree = "<group>";
		};
/* End PBXGroup section */

/* Begin PBXNativeTarget section */
		6122B08728769F8900050309 /* PinchSwipe */ = {
			isa = PBXNativeTarget;
			buildConfigurationList = 6122B09C28769F8900050309 /* Build configuration list for PBXNativeTarget "PinchSwipe" */;
			buildPhases = (
				6122B08428769F8900050309 /* Sources */,
				6122B08528769F8900050309 /* Frameworks */,
				6122B08628769F8900050309 /* Resources */,
			);
			buildRules = (
			);
			dependencies = (
			);
			name = PinchSwipe;
			productName = PinchSwipe;
			productReference = 6122B08828769F8900050309 /* PinchSwipe.app */;
			productType = "com.apple.product-type.application";
		};
/* End PBXNativeTarget section */

/* Begin PBXProject section */
		6122B08028769F8900050309 /* Project object */ = {
			isa = PBXProject;
			attributes = {
				BuildIndependentTargetsInParallel = 1;
				LastSwiftUpdateCheck = 1340;
				LastUpgradeCheck = 1340;
				TargetAttributes = {
					6122B08728769F8900050309 = {
						CreatedOnToolsVersion = 13.4.1;
					};
				};
			};
			buildConfigurationList = 6122B08328769F8900050309 /* Build configuration list for PBXProject "PinchSwipe" */;
			compatibilityVersion = "Xcode 13.0";
			developmentRegion = en;
			hasScannedForEncodings = 0;
			knownRegions = (
				en,
				Base,
			);
			mainGroup = 6122B07F28769F8900050309;
			productRefGroup = 6122B08928769F8900050309 /* Products */;
			projectDirPath = "";
			projectRoot = "";
			targets = (
				6122B08728769F8900050309 /* PinchSwipe */,
			);
		};
/* End PBXProject section */

/* Begin PBXResourcesBuildPhase section */
		6122B08628769F8900050309 /* Resources */ = {
			isa = PBXResourcesBuildPhase;
			buildActionMask = 2147483647;
			files = (
				6122B0A728769FB700050309 /* 05.png in Resources */,
				6122B0B12876A50B00050309 /* cat2.jpg in Resources */,
				6122B0A828769FB700050309 /* 06.png in Resources */,
				6122B09828769F8900050309 /* LaunchScreen.storyboard in Resources */,
				6122B0A628769FB700050309 /* 04.png in Resources */,
				6122B0AA28769FB700050309 /* 03.png in Resources */,
				6122B09528769F8900050309 /* Assets.xcassets in Resources */,
				6122B0AF2876A50B00050309 /* cat3.jpg in Resources */,
				6122B09328769F8900050309 /* Main.storyboard in Resources */,
				6122B0B02876A50B00050309 /* cat1.jpg in Resources */,
				6122B0A928769FB700050309 /* 01.png in Resources */,
				6122B0AB28769FB700050309 /* 02.png in Resources */,
			);
			runOnlyForDeploymentPostprocessing = 0;
		};
/* End PBXResourcesBuildPhase section */

/* Begin PBXSourcesBuildPhase section */
		6122B08428769F8900050309 /* Sources */ = {
			isa = PBXSourcesBuildPhase;
			buildActionMask = 2147483647;
			files = (
				6122B09028769F8900050309 /* ViewController.swift in Sources */,
				6122B08C28769F8900050309 /* AppDelegate.swift in Sources */,
				6122B08E28769F8900050309 /* SceneDelegate.swift in Sources */,
			);
			runOnlyForDeploymentPostprocessing = 0;
		};
/* End PBXSourcesBuildPhase section */

/* Begin PBXVariantGroup section */
		6122B09128769F8900050309 /* Main.storyboard */ = {
			isa = PBXVariantGroup;
			children = (
				6122B09228769F8900050309 /* Base */,
			);
			name = Main.storyboard;
			sourceTree = "<group>";
		};
		6122B09628769F8900050309 /* LaunchScreen.storyboard */ = {
			isa = PBXVariantGroup;
			children = (
				6122B09728769F8900050309 /* Base */,
			);
			name = LaunchScreen.storyboard;
			sourceTree = "<group>";
		};
/* End PBXVariantGroup section */

/* Begin XCBuildConfiguration section */
		6122B09A28769F8900050309 /* Debug */ = {
			isa = XCBuildConfiguration;
			buildSettings = {
				ALWAYS_SEARCH_USER_PATHS = NO;
				CLANG_ANALYZER_NONNULL = YES;
				CLANG_ANALYZER_NUMBER_OBJECT_CONVERSION = YES_AGGRESSIVE;
				CLANG_CXX_LANGUAGE_STANDARD = "gnu++17";
				CLANG_ENABLE_MODULES = YES;
				CLANG_ENABLE_OBJC_ARC = YES;
				CLANG_ENABLE_OBJC_WEAK = YES;
				CLANG_WARN_BLOCK_CAPTURE_AUTORELEASING = YES;
				CLANG_WARN_BOOL_CONVERSION = YES;
				CLANG_WARN_COMMA = YES;
				CLANG_WARN_CONSTANT_CONVERSION = YES;
				CLANG_WARN_DEPRECATED_OBJC_IMPLEMENTATIONS = YES;
				CLANG_WARN_DIRECT_OBJC_ISA_USAGE = YES_ERROR;
				CLANG_WARN_DOCUMENTATION_COMMENTS = YES;
				CLANG_WARN_EMPTY_BODY = YES;
				CLANG_WARN_ENUM_CONVERSION = YES;
				CLANG_WARN_INFINITE_RECURSION = YES;
				CLANG_WARN_INT_CONVERSION = YES;
				CLANG_WARN_NON_LITERAL_NULL_CONVERSION = YES;
				CLANG_WARN_OBJC_IMPLICIT_RETAIN_SELF = YES;
				CLANG_WARN_OBJC_LITERAL_CONVERSION = YES;
				CLANG_WARN_OBJC_ROOT_CLASS = YES_ERROR;
				CLANG_WARN_QUOTED_INCLUDE_IN_FRAMEWORK_HEADER = YES;
				CLANG_WARN_RANGE_LOOP_ANALYSIS = YES;
				CLANG_WARN_STRICT_PROTOTYPES = YES;
				CLANG_WARN_SUSPICIOUS_MOVE = YES;
				CLANG_WARN_UNGUARDED_AVAILABILITY = YES_AGGRESSIVE;
				CLANG_WARN_UNREACHABLE_CODE = YES;
				CLANG_WARN__DUPLICATE_METHOD_MATCH = YES;
				COPY_PHASE_STRIP = NO;
				DEBUG_INFORMATION_FORMAT = dwarf;
				ENABLE_STRICT_OBJC_MSGSEND = YES;
				ENABLE_TESTABILITY = YES;
				GCC_C_LANGUAGE_STANDARD = gnu11;
				GCC_DYNAMIC_NO_PIC = NO;
				GCC_NO_COMMON_BLOCKS = YES;
				GCC_OPTIMIZATION_LEVEL = 0;
				GCC_PREPROCESSOR_DEFINITIONS = (
					"DEBUG=1",
					"$(inherited)",
				);
				GCC_WARN_64_TO_32_BIT_CONVERSION = YES;
				GCC_WARN_ABOUT_RETURN_TYPE = YES_ERROR;
				GCC_WARN_UNDECLARED_SELECTOR = YES;
				GCC_WARN_UNINITIALIZED_AUTOS = YES_AGGRESSIVE;
				GCC_WARN_UNUSED_FUNCTION = YES;
				GCC_WARN_UNUSED_VARIABLE = YES;
				IPHONEOS_DEPLOYMENT_TARGET = 15.5;
				MTL_ENABLE_DEBUG_INFO = INCLUDE_SOURCE;
				MTL_FAST_MATH = YES;
				ONLY_ACTIVE_ARCH = YES;
				SDKROOT = iphoneos;
				SWIFT_ACTIVE_COMPILATION_CONDITIONS = DEBUG;
				SWIFT_OPTIMIZATION_LEVEL = "-Onone";
			};
			name = Debug;
		};
		6122B09B28769F8900050309 /* Release */ = {
			isa = XCBuildConfiguration;
			buildSettings = {
				ALWAYS_SEARCH_USER_PATHS = NO;
				CLANG_ANALYZER_NONNULL = YES;
				CLANG_ANALYZER_NUMBER_OBJECT_CONVERSION = YES_AGGRESSIVE;
				CLANG_CXX_LANGUAGE_STANDARD = "gnu++17";
				CLANG_ENABLE_MODULES = YES;
				CLANG_ENABLE_OBJC_ARC = YES;
				CLANG_ENABLE_OBJC_WEAK = YES;
				CLANG_WARN_BLOCK_CAPTURE_AUTORELEASING = YES;
				CLANG_WARN_BOOL_CONVERSION = YES;
				CLANG_WARN_COMMA = YES;
				CLANG_WARN_CONSTANT_CONVERSION = YES;
				CLANG_WARN_DEPRECATED_OBJC_IMPLEMENTATIONS = YES;
				CLANG_WARN_DIRECT_OBJC_ISA_USAGE = YES_ERROR;
				CLANG_WARN_DOCUMENTATION_COMMENTS = YES;
				CLANG_WARN_EMPTY_BODY = YES;
				CLANG_WARN_ENUM_CONVERSION = YES;
				CLANG_WARN_INFINITE_RECURSION = YES;
				CLANG_WARN_INT_CONVERSION = YES;
				CLANG_WARN_NON_LITERAL_NULL_CONVERSION = YES;
				CLANG_WARN_OBJC_IMPLICIT_RETAIN_SELF = YES;
				CLANG_WARN_OBJC_LITERAL_CONVERSION = YES;
				CLANG_WARN_OBJC_ROOT_CLASS = YES_ERROR;
				CLANG_WARN_QUOTED_INCLUDE_IN_FRAMEWORK_HEADER = YES;
				CLANG_WARN_RANGE_LOOP_ANALYSIS = YES;
				CLANG_WARN_STRICT_PROTOTYPES = YES;
				CLANG_WARN_SUSPICIOUS_MOVE = YES;
				CLANG_WARN_UNGUARDED_AVAILABILITY = YES_AGGRESSIVE;
				CLANG_WARN_UNREACHABLE_CODE = YES;
				CLANG_WARN__DUPLICATE_METHOD_MATCH = YES;
				COPY_PHASE_STRIP = NO;
				DEBUG_INFORMATION_FORMAT = "dwarf-with-dsym";
				ENABLE_NS_ASSERTIONS = NO;
				ENABLE_STRICT_OBJC_MSGSEND = YES;
				GCC_C_LANGUAGE_STANDARD = gnu11;
				GCC_NO_COMMON_BLOCKS = YES;
				GCC_WARN_64_TO_32_BIT_CONVERSION = YES;
				GCC_WARN_ABOUT_RETURN_TYPE = YES_ERROR;
				GCC_WARN_UNDECLARED_SELECTOR = YES;
				GCC_WARN_UNINITIALIZED_AUTOS = YES_AGGRESSIVE;
				GCC_WARN_UNUSED_FUNCTION = YES;
				GCC_WARN_UNUSED_VARIABLE = YES;
				IPHONEOS_DEPLOYMENT_TARGET = 15.5;
				MTL_ENABLE_DEBUG_INFO = NO;
				MTL_FAST_MATH = YES;
				SDKROOT = iphoneos;
				SWIFT_COMPILATION_MODE = wholemodule;
				SWIFT_OPTIMIZATION_LEVEL = "-O";
				VALIDATE_PRODUCT = YES;
			};
			name = Release;
		};
		6122B09D28769F8900050309 /* Debug */ = {
			isa = XCBuildConfiguration;
			buildSettings = {
				ASSETCATALOG_COMPILER_APPICON_NAME = AppIcon;
				ASSETCATALOG_COMPILER_GLOBAL_ACCENT_COLOR_NAME = AccentColor;
				CODE_SIGN_STYLE = Automatic;
				CURRENT_PROJECT_VERSION = 1;
				GENERATE_INFOPLIST_FILE = YES;
				INFOPLIST_FILE = PinchSwipe/Info.plist;
				INFOPLIST_KEY_UIApplicationSupportsIndirectInputEvents = YES;
				INFOPLIST_KEY_UILaunchStoryboardName = LaunchScreen;
				INFOPLIST_KEY_UIMainStoryboardFile = Main;
				INFOPLIST_KEY_UISupportedInterfaceOrientations_iPad = "UIInterfaceOrientationPortrait UIInterfaceOrientationPortraitUpsideDown UIInterfaceOrientationLandscapeLeft UIInterfaceOrientationLandscapeRight";
				INFOPLIST_KEY_UISupportedInterfaceOrientations_iPhone = "UIInterfaceOrientationPortrait UIInterfaceOrientationLandscapeLeft UIInterfaceOrientationLandscapeRight";
				LD_RUNPATH_SEARCH_PATHS = (
					"$(inherited)",
					"@executable_path/Frameworks",
				);
				MARKETING_VERSION = 1.0;
				PRODUCT_BUNDLE_IDENTIFIER = hyunjung.mobile.day11.PinchSwipe;
				PRODUCT_NAME = "$(TARGET_NAME)";
				SWIFT_EMIT_LOC_STRINGS = YES;
				SWIFT_VERSION = 5.0;
				TARGETED_DEVICE_FAMILY = "1,2";
			};
			name = Debug;
		};
		6122B09E28769F8900050309 /* Release */ = {
			isa = XCBuildConfiguration;
			buildSettings = {
				ASSETCATALOG_COMPILER_APPICON_NAME = AppIcon;
				ASSETCATALOG_COMPILER_GLOBAL_ACCENT_COLOR_NAME = AccentColor;
				CODE_SIGN_STYLE = Automatic;
				CURRENT_PROJECT_VERSION = 1;
				GENERATE_INFOPLIST_FILE = YES;
				INFOPLIST_FILE = PinchSwipe/Info.plist;
				INFOPLIST_KEY_UIApplicationSupportsIndirectInputEvents = YES;
				INFOPLIST_KEY_UILaunchStoryboardName = LaunchScreen;
				INFOPLIST_KEY_UIMainStoryboardFile = Main;
				INFOPLIST_KEY_UISupportedInterfaceOrientations_iPad = "UIInterfaceOrientationPortrait UIInterfaceOrientationPortraitUpsideDown UIInterfaceOrientationLandscapeLeft UIInterfaceOrientationLandscapeRight";
				INFOPLIST_KEY_UISupportedInterfaceOrientations_iPhone = "UIInterfaceOrientationPortrait UIInterfaceOrientationLandscapeLeft UIInterfaceOrientationLandscapeRight";
				LD_RUNPATH_SEARCH_PATHS = (
					"$(inherited)",
					"@executable_path/Frameworks",
				);
				MARKETING_VERSION = 1.0;
				PRODUCT_BUNDLE_IDENTIFIER = hyunjung.mobile.day11.PinchSwipe;
				PRODUCT_NAME = "$(TARGET_NAME)";
				SWIFT_EMIT_LOC_STRINGS = YES;
				SWIFT_VERSION = 5.0;
				TARGETED_DEVICE_FAMILY = "1,2";
			};
			name = Release;
		};
/* End XCBuildConfiguration section */

/* Begin XCConfigurationList section */
		6122B08328769F8900050309 /* Build configuration list for PBXProject "PinchSwipe" */ = {
			isa = XCConfigurationList;
			buildConfigurations = (
				6122B09A28769F8900050309 /* Debug */,
				6122B09B28769F8900050309 /* Release */,
			);
			defaultConfigurationIsVisible = 0;
			defaultConfigurationName = Release;
		};
		6122B09C28769F8900050309 /* Build configuration list for PBXNativeTarget "PinchSwipe" */ = {
			isa = XCConfigurationList;
			buildConfigurations = (
				6122B09D28769F8900050309 /* Debug */,
				6122B09E28769F8900050309 /* Release */,
			);
			defaultConfigurationIsVisible = 0;
			defaultConfigurationName = Release;
		};
/* End XCConfigurationList section */
	};
	rootObject = 6122B08028769F8900050309 /* Project object */;
}
