// !$*UTF8*$!
{
	archiveVersion = 1;
	classes = {
	};
	objectVersion = 55;
	objects = {

/* Begin PBXBuildFile section */
		6122B02728768F0D00050309 /* AppDelegate.swift in Sources */ = {isa = PBXBuildFile; fileRef = 6122B02628768F0D00050309 /* AppDelegate.swift */; };
		6122B02928768F0D00050309 /* SceneDelegate.swift in Sources */ = {isa = PBXBuildFile; fileRef = 6122B02828768F0D00050309 /* SceneDelegate.swift */; };
		6122B02B28768F0D00050309 /* ViewController.swift in Sources */ = {isa = PBXBuildFile; fileRef = 6122B02A28768F0D00050309 /* ViewController.swift */; };
		6122B02E28768F0D00050309 /* Main.storyboard in Resources */ = {isa = PBXBuildFile; fileRef = 6122B02C28768F0D00050309 /* Main.storyboard */; };
		6122B03028768F0D00050309 /* Assets.xcassets in Resources */ = {isa = PBXBuildFile; fileRef = 6122B02F28768F0D00050309 /* Assets.xcassets */; };
		6122B03328768F0D00050309 /* LaunchScreen.storyboard in Resources */ = {isa = PBXBuildFile; fileRef = 6122B03128768F0D00050309 /* LaunchScreen.storyboard */; };
		6122B04728768F3A00050309 /* arrow-right-black.png in Resources */ = {isa = PBXBuildFile; fileRef = 6122B03B28768F3A00050309 /* arrow-right-black.png */; };
		6122B04828768F3A00050309 /* arrow-left-red.png in Resources */ = {isa = PBXBuildFile; fileRef = 6122B03C28768F3A00050309 /* arrow-left-red.png */; };
		6122B04928768F3A00050309 /* arrow-right-red.png in Resources */ = {isa = PBXBuildFile; fileRef = 6122B03D28768F3A00050309 /* arrow-right-red.png */; };
		6122B04A28768F3A00050309 /* arrow-left-green.png in Resources */ = {isa = PBXBuildFile; fileRef = 6122B03E28768F3A00050309 /* arrow-left-green.png */; };
		6122B04B28768F3A00050309 /* arrow-down-red.png in Resources */ = {isa = PBXBuildFile; fileRef = 6122B03F28768F3A00050309 /* arrow-down-red.png */; };
		6122B04C28768F3A00050309 /* arrow-down-green.png in Resources */ = {isa = PBXBuildFile; fileRef = 6122B04028768F3A00050309 /* arrow-down-green.png */; };
		6122B04D28768F3A00050309 /* arrow-down-black.png in Resources */ = {isa = PBXBuildFile; fileRef = 6122B04128768F3A00050309 /* arrow-down-black.png */; };
		6122B04E28768F3A00050309 /* arrow-right-green.png in Resources */ = {isa = PBXBuildFile; fileRef = 6122B04228768F3A00050309 /* arrow-right-green.png */; };
		6122B04F28768F3A00050309 /* arrow-up-black.png in Resources */ = {isa = PBXBuildFile; fileRef = 6122B04328768F3A00050309 /* arrow-up-black.png */; };
		6122B05028768F3A00050309 /* arrow-up-green.png in Resources */ = {isa = PBXBuildFile; fileRef = 6122B04428768F3A00050309 /* arrow-up-green.png */; };
		6122B05128768F3A00050309 /* arrow-left-black.png in Resources */ = {isa = PBXBuildFile; fileRef = 6122B04528768F3A00050309 /* arrow-left-black.png */; };
		6122B05228768F3A00050309 /* arrow-up-red.png in Resources */ = {isa = PBXBuildFile; fileRef = 6122B04628768F3A00050309 /* arrow-up-red.png */; };
/* End PBXBuildFile section */

/* Begin PBXFileReference section */
		6122B02328768F0D00050309 /* SwipeGesture.app */ = {isa = PBXFileReference; explicitFileType = wrapper.application; includeInIndex = 0; path = SwipeGesture.app; sourceTree = BUILT_PRODUCTS_DIR; };
		6122B02628768F0D00050309 /* AppDelegate.swift */ = {isa = PBXFileReference; lastKnownFileType = sourcecode.swift; path = AppDelegate.swift; sourceTree = "<group>"; };
		6122B02828768F0D00050309 /* SceneDelegate.swift */ = {isa = PBXFileReference; lastKnownFileType = sourcecode.swift; path = SceneDelegate.swift; sourceTree = "<group>"; };
		6122B02A28768F0D00050309 /* ViewController.swift */ = {isa = PBXFileReference; lastKnownFileType = sourcecode.swift; path = ViewController.swift; sourceTree = "<group>"; };
		6122B02D28768F0D00050309 /* Base */ = {isa = PBXFileReference; lastKnownFileType = file.storyboard; name = Base; path = Base.lproj/Main.storyboard; sourceTree = "<group>"; };
		6122B02F28768F0D00050309 /* Assets.xcassets */ = {isa = PBXFileReference; lastKnownFileType = folder.assetcatalog; path = Assets.xcassets; sourceTree = "<group>"; };
		6122B03228768F0D00050309 /* Base */ = {isa = PBXFileReference; lastKnownFileType = file.storyboard; name = Base; path = Base.lproj/LaunchScreen.storyboard; sourceTree = "<group>"; };
		6122B03428768F0D00050309 /* Info.plist */ = {isa = PBXFileReference; lastKnownFileType = text.plist.xml; path = Info.plist; sourceTree = "<group>"; };
		6122B03B28768F3A00050309 /* arrow-right-black.png */ = {isa = PBXFileReference; lastKnownFileType = image.png; path = "arrow-right-black.png"; sourceTree = "<group>"; };
		6122B03C28768F3A00050309 /* arrow-left-red.png */ = {isa = PBXFileReference; lastKnownFileType = image.png; path = "arrow-left-red.png"; sourceTree = "<group>"; };
		6122B03D28768F3A00050309 /* arrow-right-red.png */ = {isa = PBXFileReference; lastKnownFileType = image.png; path = "arrow-right-red.png"; sourceTree = "<group>"; };
		6122B03E28768F3A00050309 /* arrow-left-green.png */ = {isa = PBXFileReference; lastKnownFileType = image.png; path = "arrow-left-green.png"; sourceTree = "<group>"; };
		6122B03F28768F3A00050309 /* arrow-down-red.png */ = {isa = PBXFileReference; lastKnownFileType = image.png; path = "arrow-down-red.png"; sourceTree = "<group>"; };
		6122B04028768F3A00050309 /* arrow-down-green.png */ = {isa = PBXFileReference; lastKnownFileType = image.png; path = "arrow-down-green.png"; sourceTree = "<group>"; };
		6122B04128768F3A00050309 /* arrow-down-black.png */ = {isa = PBXFileReference; lastKnownFileType = image.png; path = "arrow-down-black.png"; sourceTree = "<group>"; };
		6122B04228768F3A00050309 /* arrow-right-green.png */ = {isa = PBXFileReference; lastKnownFileType = image.png; path = "arrow-right-green.png"; sourceTree = "<group>"; };
		6122B04328768F3A00050309 /* arrow-up-black.png */ = {isa = PBXFileReference; lastKnownFileType = image.png; path = "arrow-up-black.png"; sourceTree = "<group>"; };
		6122B04428768F3A00050309 /* arrow-up-green.png */ = {isa = PBXFileReference; lastKnownFileType = image.png; path = "arrow-up-green.png"; sourceTree = "<group>"; };
		6122B04528768F3A00050309 /* arrow-left-black.png */ = {isa = PBXFileReference; lastKnownFileType = image.png; path = "arrow-left-black.png"; sourceTree = "<group>"; };
		6122B04628768F3A00050309 /* arrow-up-red.png */ = {isa = PBXFileReference; lastKnownFileType = image.png; path = "arrow-up-red.png"; sourceTree = "<group>"; };
/* End PBXFileReference section */

/* Begin PBXFrameworksBuildPhase section */
		6122B02028768F0D00050309 /* Frameworks */ = {
			isa = PBXFrameworksBuildPhase;
			buildActionMask = 2147483647;
			files = (
			);
			runOnlyForDeploymentPostprocessing = 0;
		};
/* End PBXFrameworksBuildPhase section */

/* Begin PBXGroup section */
		6122B01A28768F0D00050309 = {
			isa = PBXGroup;
			children = (
				6122B02528768F0D00050309 /* SwipeGesture */,
				6122B02428768F0D00050309 /* Products */,
			);
			sourceTree = "<group>";
		};
		6122B02428768F0D00050309 /* Products */ = {
			isa = PBXGroup;
			children = (
				6122B02328768F0D00050309 /* SwipeGesture.app */,
			);
			name = Products;
			sourceTree = "<group>";
		};
		6122B02528768F0D00050309 /* SwipeGesture */ = {
			isa = PBXGroup;
			children = (
				6122B03A28768F2E00050309 /* images */,
				6122B02628768F0D00050309 /* AppDelegate.swift */,
				6122B02828768F0D00050309 /* SceneDelegate.swift */,
				6122B02A28768F0D00050309 /* ViewController.swift */,
				6122B02C28768F0D00050309 /* Main.storyboard */,
				6122B02F28768F0D00050309 /* Assets.xcassets */,
				6122B03128768F0D00050309 /* LaunchScreen.storyboard */,
				6122B03428768F0D00050309 /* Info.plist */,
			);
			path = SwipeGesture;
			sourceTree = "<group>";
		};
		6122B03A28768F2E00050309 /* images */ = {
			isa = PBXGroup;
			children = (
				6122B04128768F3A00050309 /* arrow-down-black.png */,
				6122B04028768F3A00050309 /* arrow-down-green.png */,
				6122B03F28768F3A00050309 /* arrow-down-red.png */,
				6122B04528768F3A00050309 /* arrow-left-black.png */,
				6122B03E28768F3A00050309 /* arrow-left-green.png */,
				6122B03C28768F3A00050309 /* arrow-left-red.png */,
				6122B03B28768F3A00050309 /* arrow-right-black.png */,
				6122B04228768F3A00050309 /* arrow-right-green.png */,
				6122B03D28768F3A00050309 /* arrow-right-red.png */,
				6122B04328768F3A00050309 /* arrow-up-black.png */,
				6122B04428768F3A00050309 /* arrow-up-green.png */,
				6122B04628768F3A00050309 /* arrow-up-red.png */,
			);
			path = images;
			sourceTree = "<group>";
		};
/* End PBXGroup section */

/* Begin PBXNativeTarget section */
		6122B02228768F0D00050309 /* SwipeGesture */ = {
			isa = PBXNativeTarget;
			buildConfigurationList = 6122B03728768F0D00050309 /* Build configuration list for PBXNativeTarget "SwipeGesture" */;
			buildPhases = (
				6122B01F28768F0D00050309 /* Sources */,
				6122B02028768F0D00050309 /* Frameworks */,
				6122B02128768F0D00050309 /* Resources */,
			);
			buildRules = (
			);
			dependencies = (
			);
			name = SwipeGesture;
			productName = SwipeGesture;
			productReference = 6122B02328768F0D00050309 /* SwipeGesture.app */;
			productType = "com.apple.product-type.application";
		};
/* End PBXNativeTarget section */

/* Begin PBXProject section */
		6122B01B28768F0D00050309 /* Project object */ = {
			isa = PBXProject;
			attributes = {
				BuildIndependentTargetsInParallel = 1;
				LastSwiftUpdateCheck = 1340;
				LastUpgradeCheck = 1340;
				TargetAttributes = {
					6122B02228768F0D00050309 = {
						CreatedOnToolsVersion = 13.4.1;
					};
				};
			};
			buildConfigurationList = 6122B01E28768F0D00050309 /* Build configuration list for PBXProject "SwipeGesture" */;
			compatibilityVersion = "Xcode 13.0";
			developmentRegion = en;
			hasScannedForEncodings = 0;
			knownRegions = (
				en,
				Base,
			);
			mainGroup = 6122B01A28768F0D00050309;
			productRefGroup = 6122B02428768F0D00050309 /* Products */;
			projectDirPath = "";
			projectRoot = "";
			targets = (
				6122B02228768F0D00050309 /* SwipeGesture */,
			);
		};
/* End PBXProject section */

/* Begin PBXResourcesBuildPhase section */
		6122B02128768F0D00050309 /* Resources */ = {
			isa = PBXResourcesBuildPhase;
			buildActionMask = 2147483647;
			files = (
				6122B04728768F3A00050309 /* arrow-right-black.png in Resources */,
				6122B03328768F0D00050309 /* LaunchScreen.storyboard in Resources */,
				6122B04928768F3A00050309 /* arrow-right-red.png in Resources */,
				6122B04C28768F3A00050309 /* arrow-down-green.png in Resources */,
				6122B04828768F3A00050309 /* arrow-left-red.png in Resources */,
				6122B05228768F3A00050309 /* arrow-up-red.png in Resources */,
				6122B03028768F0D00050309 /* Assets.xcassets in Resources */,
				6122B04B28768F3A00050309 /* arrow-down-red.png in Resources */,
				6122B02E28768F0D00050309 /* Main.storyboard in Resources */,
				6122B04F28768F3A00050309 /* arrow-up-black.png in Resources */,
				6122B04E28768F3A00050309 /* arrow-right-green.png in Resources */,
				6122B05128768F3A00050309 /* arrow-left-black.png in Resources */,
				6122B05028768F3A00050309 /* arrow-up-green.png in Resources */,
				6122B04A28768F3A00050309 /* arrow-left-green.png in Resources */,
				6122B04D28768F3A00050309 /* arrow-down-black.png in Resources */,
			);
			runOnlyForDeploymentPostprocessing = 0;
		};
/* End PBXResourcesBuildPhase section */

/* Begin PBXSourcesBuildPhase section */
		6122B01F28768F0D00050309 /* Sources */ = {
			isa = PBXSourcesBuildPhase;
			buildActionMask = 2147483647;
			files = (
				6122B02B28768F0D00050309 /* ViewController.swift in Sources */,
				6122B02728768F0D00050309 /* AppDelegate.swift in Sources */,
				6122B02928768F0D00050309 /* SceneDelegate.swift in Sources */,
			);
			runOnlyForDeploymentPostprocessing = 0;
		};
/* End PBXSourcesBuildPhase section */

/* Begin PBXVariantGroup section */
		6122B02C28768F0D00050309 /* Main.storyboard */ = {
			isa = PBXVariantGroup;
			children = (
				6122B02D28768F0D00050309 /* Base */,
			);
			name = Main.storyboard;
			sourceTree = "<group>";
		};
		6122B03128768F0D00050309 /* LaunchScreen.storyboard */ = {
			isa = PBXVariantGroup;
			children = (
				6122B03228768F0D00050309 /* Base */,
			);
			name = LaunchScreen.storyboard;
			sourceTree = "<group>";
		};
/* End PBXVariantGroup section */

/* Begin XCBuildConfiguration section */
		6122B03528768F0D00050309 /* Debug */ = {
			isa = XCBuildConfiguration;
			buildSettings = {
				ALWAYS_SEARCH_USER_PATHS = NO;
				CLANG_ANALYZER_NONNULL = YES;
				CLANG_ANALYZER_NUMBER_OBJECT_CONVERSION = YES_AGGRESSIVE;
				CLANG_CXX_LANGUAGE_STANDARD = "gnu++17";
				CLANG_ENABLE_MODULES = YES;
				CLANG_ENABLE_OBJC_ARC = YES;
				CLANG_ENABLE_OBJC_WEAK = YES;
				CLANG_WARN_BLOCK_CAPTURE_AUTORELEASING = YES;
				CLANG_WARN_BOOL_CONVERSION = YES;
				CLANG_WARN_COMMA = YES;
				CLANG_WARN_CONSTANT_CONVERSION = YES;
				CLANG_WARN_DEPRECATED_OBJC_IMPLEMENTATIONS = YES;
				CLANG_WARN_DIRECT_OBJC_ISA_USAGE = YES_ERROR;
				CLANG_WARN_DOCUMENTATION_COMMENTS = YES;
				CLANG_WARN_EMPTY_BODY = YES;
				CLANG_WARN_ENUM_CONVERSION = YES;
				CLANG_WARN_INFINITE_RECURSION = YES;
				CLANG_WARN_INT_CONVERSION = YES;
				CLANG_WARN_NON_LITERAL_NULL_CONVERSION = YES;
				CLANG_WARN_OBJC_IMPLICIT_RETAIN_SELF = YES;
				CLANG_WARN_OBJC_LITERAL_CONVERSION = YES;
				CLANG_WARN_OBJC_ROOT_CLASS = YES_ERROR;
				CLANG_WARN_QUOTED_INCLUDE_IN_FRAMEWORK_HEADER = YES;
				CLANG_WARN_RANGE_LOOP_ANALYSIS = YES;
				CLANG_WARN_STRICT_PROTOTYPES = YES;
				CLANG_WARN_SUSPICIOUS_MOVE = YES;
				CLANG_WARN_UNGUARDED_AVAILABILITY = YES_AGGRESSIVE;
				CLANG_WARN_UNREACHABLE_CODE = YES;
				CLANG_WARN__DUPLICATE_METHOD_MATCH = YES;
				COPY_PHASE_STRIP = NO;
				DEBUG_INFORMATION_FORMAT = dwarf;
				ENABLE_STRICT_OBJC_MSGSEND = YES;
				ENABLE_TESTABILITY = YES;
				GCC_C_LANGUAGE_STANDARD = gnu11;
				GCC_DYNAMIC_NO_PIC = NO;
				GCC_NO_COMMON_BLOCKS = YES;
				GCC_OPTIMIZATION_LEVEL = 0;
				GCC_PREPROCESSOR_DEFINITIONS = (
					"DEBUG=1",
					"$(inherited)",
				);
				GCC_WARN_64_TO_32_BIT_CONVERSION = YES;
				GCC_WARN_ABOUT_RETURN_TYPE = YES_ERROR;
				GCC_WARN_UNDECLARED_SELECTOR = YES;
				GCC_WARN_UNINITIALIZED_AUTOS = YES_AGGRESSIVE;
				GCC_WARN_UNUSED_FUNCTION = YES;
				GCC_WARN_UNUSED_VARIABLE = YES;
				IPHONEOS_DEPLOYMENT_TARGET = 15.5;
				MTL_ENABLE_DEBUG_INFO = INCLUDE_SOURCE;
				MTL_FAST_MATH = YES;
				ONLY_ACTIVE_ARCH = YES;
				SDKROOT = iphoneos;
				SWIFT_ACTIVE_COMPILATION_CONDITIONS = DEBUG;
				SWIFT_OPTIMIZATION_LEVEL = "-Onone";
			};
			name = Debug;
		};
		6122B03628768F0D00050309 /* Release */ = {
			isa = XCBuildConfiguration;
			buildSettings = {
				ALWAYS_SEARCH_USER_PATHS = NO;
				CLANG_ANALYZER_NONNULL = YES;
				CLANG_ANALYZER_NUMBER_OBJECT_CONVERSION = YES_AGGRESSIVE;
				CLANG_CXX_LANGUAGE_STANDARD = "gnu++17";
				CLANG_ENABLE_MODULES = YES;
				CLANG_ENABLE_OBJC_ARC = YES;
				CLANG_ENABLE_OBJC_WEAK = YES;
				CLANG_WARN_BLOCK_CAPTURE_AUTORELEASING = YES;
				CLANG_WARN_BOOL_CONVERSION = YES;
				CLANG_WARN_COMMA = YES;
				CLANG_WARN_CONSTANT_CONVERSION = YES;
				CLANG_WARN_DEPRECATED_OBJC_IMPLEMENTATIONS = YES;
				CLANG_WARN_DIRECT_OBJC_ISA_USAGE = YES_ERROR;
				CLANG_WARN_DOCUMENTATION_COMMENTS = YES;
				CLANG_WARN_EMPTY_BODY = YES;
				CLANG_WARN_ENUM_CONVERSION = YES;
				CLANG_WARN_INFINITE_RECURSION = YES;
				CLANG_WARN_INT_CONVERSION = YES;
				CLANG_WARN_NON_LITERAL_NULL_CONVERSION = YES;
				CLANG_WARN_OBJC_IMPLICIT_RETAIN_SELF = YES;
				CLANG_WARN_OBJC_LITERAL_CONVERSION = YES;
				CLANG_WARN_OBJC_ROOT_CLASS = YES_ERROR;
				CLANG_WARN_QUOTED_INCLUDE_IN_FRAMEWORK_HEADER = YES;
				CLANG_WARN_RANGE_LOOP_ANALYSIS = YES;
				CLANG_WARN_STRICT_PROTOTYPES = YES;
				CLANG_WARN_SUSPICIOUS_MOVE = YES;
				CLANG_WARN_UNGUARDED_AVAILABILITY = YES_AGGRESSIVE;
				CLANG_WARN_UNREACHABLE_CODE = YES;
				CLANG_WARN__DUPLICATE_METHOD_MATCH = YES;
				COPY_PHASE_STRIP = NO;
				DEBUG_INFORMATION_FORMAT = "dwarf-with-dsym";
				ENABLE_NS_ASSERTIONS = NO;
				ENABLE_STRICT_OBJC_MSGSEND = YES;
				GCC_C_LANGUAGE_STANDARD = gnu11;
				GCC_NO_COMMON_BLOCKS = YES;
				GCC_WARN_64_TO_32_BIT_CONVERSION = YES;
				GCC_WARN_ABOUT_RETURN_TYPE = YES_ERROR;
				GCC_WARN_UNDECLARED_SELECTOR = YES;
				GCC_WARN_UNINITIALIZED_AUTOS = YES_AGGRESSIVE;
				GCC_WARN_UNUSED_FUNCTION = YES;
				GCC_WARN_UNUSED_VARIABLE = YES;
				IPHONEOS_DEPLOYMENT_TARGET = 15.5;
				MTL_ENABLE_DEBUG_INFO = NO;
				MTL_FAST_MATH = YES;
				SDKROOT = iphoneos;
				SWIFT_COMPILATION_MODE = wholemodule;
				SWIFT_OPTIMIZATION_LEVEL = "-O";
				VALIDATE_PRODUCT = YES;
			};
			name = Release;
		};
		6122B03828768F0D00050309 /* Debug */ = {
			isa = XCBuildConfiguration;
			buildSettings = {
				ASSETCATALOG_COMPILER_APPICON_NAME = AppIcon;
				ASSETCATALOG_COMPILER_GLOBAL_ACCENT_COLOR_NAME = AccentColor;
				CODE_SIGN_STYLE = Automatic;
				CURRENT_PROJECT_VERSION = 1;
				DEVELOPMENT_TEAM = P86ABFBQPR;
				GENERATE_INFOPLIST_FILE = YES;
				INFOPLIST_FILE = SwipeGesture/Info.plist;
				INFOPLIST_KEY_UIApplicationSupportsIndirectInputEvents = YES;
				INFOPLIST_KEY_UILaunchStoryboardName = LaunchScreen;
				INFOPLIST_KEY_UIMainStoryboardFile = Main;
				INFOPLIST_KEY_UISupportedInterfaceOrientations_iPad = "UIInterfaceOrientationPortrait UIInterfaceOrientationPortraitUpsideDown UIInterfaceOrientationLandscapeLeft UIInterfaceOrientationLandscapeRight";
				INFOPLIST_KEY_UISupportedInterfaceOrientations_iPhone = "UIInterfaceOrientationPortrait UIInterfaceOrientationLandscapeLeft UIInterfaceOrientationLandscapeRight";
				IPHONEOS_DEPLOYMENT_TARGET = 14.6;
				LD_RUNPATH_SEARCH_PATHS = (
					"$(inherited)",
					"@executable_path/Frameworks",
				);
				MARKETING_VERSION = 1.0;
				PRODUCT_BUNDLE_IDENTIFIER = hyunjung.mobile.day11.SwipeGesture;
				PRODUCT_NAME = "$(TARGET_NAME)";
				SWIFT_EMIT_LOC_STRINGS = YES;
				SWIFT_VERSION = 5.0;
				TARGETED_DEVICE_FAMILY = "1,2";
			};
			name = Debug;
		};
		6122B03928768F0D00050309 /* Release */ = {
			isa = XCBuildConfiguration;
			buildSettings = {
				ASSETCATALOG_COMPILER_APPICON_NAME = AppIcon;
				ASSETCATALOG_COMPILER_GLOBAL_ACCENT_COLOR_NAME = AccentColor;
				CODE_SIGN_STYLE = Automatic;
				CURRENT_PROJECT_VERSION = 1;
				DEVELOPMENT_TEAM = P86ABFBQPR;
				GENERATE_INFOPLIST_FILE = YES;
				INFOPLIST_FILE = SwipeGesture/Info.plist;
				INFOPLIST_KEY_UIApplicationSupportsIndirectInputEvents = YES;
				INFOPLIST_KEY_UILaunchStoryboardName = LaunchScreen;
				INFOPLIST_KEY_UIMainStoryboardFile = Main;
				INFOPLIST_KEY_UISupportedInterfaceOrientations_iPad = "UIInterfaceOrientationPortrait UIInterfaceOrientationPortraitUpsideDown UIInterfaceOrientationLandscapeLeft UIInterfaceOrientationLandscapeRight";
				INFOPLIST_KEY_UISupportedInterfaceOrientations_iPhone = "UIInterfaceOrientationPortrait UIInterfaceOrientationLandscapeLeft UIInterfaceOrientationLandscapeRight";
				IPHONEOS_DEPLOYMENT_TARGET = 14.6;
				LD_RUNPATH_SEARCH_PATHS = (
					"$(inherited)",
					"@executable_path/Frameworks",
				);
				MARKETING_VERSION = 1.0;
				PRODUCT_BUNDLE_IDENTIFIER = hyunjung.mobile.day11.SwipeGesture;
				PRODUCT_NAME = "$(TARGET_NAME)";
				SWIFT_EMIT_LOC_STRINGS = YES;
				SWIFT_VERSION = 5.0;
				TARGETED_DEVICE_FAMILY = "1,2";
			};
			name = Release;
		};
/* End XCBuildConfiguration section */

/* Begin XCConfigurationList section */
		6122B01E28768F0D00050309 /* Build configuration list for PBXProject "SwipeGesture" */ = {
			isa = XCConfigurationList;
			buildConfigurations = (
				6122B03528768F0D00050309 /* Debug */,
				6122B03628768F0D00050309 /* Release */,
			);
			defaultConfigurationIsVisible = 0;
			defaultConfigurationName = Release;
		};
		6122B03728768F0D00050309 /* Build configuration list for PBXNativeTarget "SwipeGesture" */ = {
			isa = XCConfigurationList;
			buildConfigurations = (
				6122B03828768F0D00050309 /* Debug */,
				6122B03928768F0D00050309 /* Release */,
			);
			defaultConfigurationIsVisible = 0;
			defaultConfigurationName = Release;
		};
/* End XCConfigurationList section */
	};
	rootObject = 6122B01B28768F0D00050309 /* Project object */;
}
